{
  "version": 4,
  "terraform_version": "1.7.0",
  "serial": 11,
  "lineage": "141abeff-4669-0c20-4c28-bf9fe771922c",
  "outputs": {
    "endpoint": {
      "value": "34.60.32.118",
      "type": "string"
    },
    "kubernetes_cluster_name": {
      "value": "gke-tofu",
      "type": "string"
    }
  },
  "resources": [
    {
      "mode": "managed",
      "type": "google_container_cluster",
      "name": "primary",
      "provider": "provider[\"registry.opentofu.org/hashicorp/google\"]",
      "instances": [
        {
          "schema_version": 2,
          "attributes": {
            "addons_config": [
              {
                "cloudrun_config": [],
                "config_connector_config": [],
                "dns_cache_config": [],
                "gce_persistent_disk_csi_driver_config": [
                  {
                    "enabled": true
                  }
                ],
                "gcp_filestore_csi_driver_config": [],
                "gcs_fuse_csi_driver_config": [],
                "gke_backup_agent_config": [],
                "horizontal_pod_autoscaling": [],
                "http_load_balancing": [],
                "network_policy_config": [
                  {
                    "disabled": true
                  }
                ]
              }
            ],
            "allow_net_admin": null,
            "authenticator_groups_config": [],
            "binary_authorization": [
              {
                "enabled": false,
                "evaluation_mode": ""
              }
            ],
            "cluster_autoscaling": [
              {
                "auto_provisioning_defaults": [],
                "enabled": false,
                "resource_limits": []
              }
            ],
            "cluster_ipv4_cidr": "10.64.0.0/14",
            "confidential_nodes": [],
            "cost_management_config": [],
            "database_encryption": [
              {
                "key_name": "",
                "state": "DECRYPTED"
              }
            ],
            "datapath_provider": "",
            "default_max_pods_per_node": 110,
            "default_snat_status": [
              {
                "disabled": false
              }
            ],
            "deletion_protection": false,
            "description": "",
            "dns_config": [],
            "enable_autopilot": false,
            "enable_intranode_visibility": false,
            "enable_k8s_beta_apis": [],
            "enable_kubernetes_alpha": false,
            "enable_l4_ilb_subsetting": false,
            "enable_legacy_abac": false,
            "enable_shielded_nodes": true,
            "enable_tpu": false,
            "endpoint": "34.60.32.118",
            "gateway_api_config": [],
            "id": "projects/teak-surge-458612-u2/locations/us-central1-a/clusters/gke-tofu",
            "initial_node_count": 1,
            "ip_allocation_policy": [
              {
                "additional_pod_ranges_config": [],
                "cluster_ipv4_cidr_block": "10.64.0.0/14",
                "cluster_secondary_range_name": "gke-gke-tofu-pods-152c51db",
                "pod_cidr_overprovision_config": [
                  {
                    "disabled": false
                  }
                ],
                "services_ipv4_cidr_block": "34.118.224.0/20",
                "services_secondary_range_name": "",
                "stack_type": "IPV4"
              }
            ],
            "label_fingerprint": "a9dc16a7",
            "location": "us-central1-a",
            "logging_config": [
              {
                "enable_components": [
                  "SYSTEM_COMPONENTS",
                  "WORKLOADS"
                ]
              }
            ],
            "logging_service": "logging.googleapis.com/kubernetes",
            "maintenance_policy": [],
            "master_auth": [
              {
                "client_certificate": "",
                "client_certificate_config": [
                  {
                    "issue_client_certificate": false
                  }
                ],
                "client_key": "",
                "cluster_ca_certificate": "LS0tLS1CRUdJTiBDRVJUSUZJQ0FURS0tLS0tCk1JSUVMVENDQXBXZ0F3SUJBZ0lSQUtwOWk3S1F3clJjcllqbHhiSjRUR0l3RFFZSktvWklodmNOQVFFTEJRQXcKTHpFdE1Dc0dBMVVFQXhNa05UQmlOMlpsTWpVdE1EWXhNaTAwWXpSbExXRXhNamd0WlRobVpERmhaakU0TldaaApNQ0FYRFRJMU1EWXhPVEV4TWpFMU4xb1lEekl3TlRVd05qRXlNVEl5TVRVM1dqQXZNUzB3S3dZRFZRUURFeVExCk1HSTNabVV5TlMwd05qRXlMVFJqTkdVdFlURXlPQzFsT0daa01XRm1NVGcxWm1Fd2dnR2lNQTBHQ1NxR1NJYjMKRFFFQkFRVUFBNElCandBd2dnR0tBb0lCZ1FEZnZRUWM5QkN6VlAzQkx5Ym5WZktZOU5pMWZaVldKQUVaeFBWRgo5VkNxTDNnM2tUcG5lYTBNdHRGVi9JRGcyRkpnU1hXbGNtcDFXZGtsMVo4cEtONmlwODhxOHZLa2RNYTFPM3R0CkRGRE9abW81L3ZualRIaCsyYzEwNlRjcjY5M3BndDVuYXBtMmdHb2FoT0lBNGJtMFJDbDBBb3N4eUs1VEpQVUoKQVlSbzJZRGpIeVpwaGN1bk5lZk1ramh0cW1IS1lialdIMG1jUGMzczhoQnppdkRwaTl2MXB5NzFibFM5R0NQegpTRHg3THNjNUMyMVBNSU05WXcyRmx4VlBsSDVWd05DY2g2TGkvdThtdGFkc2VWb3JIUytKYjNhSlhPSFd3NDBoCnBXcUdmVVpxaytvNmFwNUVkM2F6VWxlcjVqQzJ6bkhSVFhnMmgvWEFMQWVnTjVYR3NiZlJ1U3BUclFCbkVpengKaGtwYVBPdm9mYlViSVJRS0lWaThOWW5UTk92RW5SYjdQSFd5dFdxQmtaZlNaVzVkWVNTOWpranoydjJZYXRZWApVSTdVVzVhRVhhSGJHaHp2eHdwME9FL1V3aStCWkdYR3ZGcXk3eTJYVU8vSGFEajJ2L3dKZWVXT2JIRnFUbzVzCkxaL3E2MktsMnYxTmlIYi9zOGRRYW1DeGNWY0NBd0VBQWFOQ01FQXdEZ1lEVlIwUEFRSC9CQVFEQWdJRU1BOEcKQTFVZEV3RUIvd1FGTUFNQkFmOHdIUVlEVlIwT0JCWUVGTnNzMnNJb2N5UHYyclVBNVR0RmxDTE9NUVNmTUEwRwpDU3FHU0liM0RRRUJDd1VBQTRJQmdRQ1NhcVZWdDRPaGVJckVVeFppbWFXN3A0UC9QS2xkYUZLSFVrNmg5KzlwCnl1Qkg0NXhKOEJwR0xUZGVoRjBjemFIaW5WT2FSOHFaZ3k5NFF3c0RGRlJEMWF4T09kWEY3dzNXUll5aEFtK1MKMXY0RFVyNFI1Q01pcVQ2NHpCTk96OG1rbU9TQnBrZzhLQmt4SVdZSjB1MVZaSjBhMmVHb2Z2WFdWN0FRd3F6SgpKeFV0N0RUVkNRSE1MaldrKzQwcEV4REt4T0twUlgrQlpJeEZkdGVNbkQyUWpnQXBGWXRITDRhdjlEUlZlZzhWCnYxQ2dPOUlyYTdwc2twVFlFckVhRGRCTGxYbzJ1ZWlwWlFBcXc3ZVgvaXJYYkpvaGFGOHpzNjlkZ0VPdkFPRWwKdTlEVzRxTFlOck43ZFNXYXozajZWeGVjdVkyWTdNb3c2dExDWVlJQnhvZ0QrQjE4eS9PblB1R0dIRGhjODNCSAovME1vZ3laVUdnK2c4MXAvcGxMNEVvdXlJbjdtZHZweGh5NWc1QkRjenRjY0lOajgwRFVRbWVXMjVLNGpXRmt6CjlqcnppRWhSd2FpcVpUdWgwYXNZOTI3aWdpY0lNQmxoRTFFVEszM1lsbmtKS3dVUmJnWXZwRlNFS0hubUdXZFoKZFJPZWhwbzNNL0lMc0libTIxTjA0Nmc9Ci0tLS0tRU5EIENFUlRJRklDQVRFLS0tLS0K"
              }
            ],
            "master_authorized_networks_config": [],
            "master_version": "1.32.4-gke.1353003",
            "mesh_certificates": [],
            "min_master_version": null,
            "monitoring_config": [
              {
                "advanced_datapath_observability_config": [
                  {
                    "enable_metrics": false,
                    "relay_mode": ""
                  }
                ],
                "enable_components": [
                  "SYSTEM_COMPONENTS",
                  "DEPLOYMENT",
                  "STATEFULSET",
                  "JOBSET",
                  "STORAGE",
                  "HPA",
                  "POD",
                  "DAEMONSET",
                  "CADVISOR",
                  "KUBELET",
                  "DCGM"
                ],
                "managed_prometheus": [
                  {
                    "enabled": true
                  }
                ]
              }
            ],
            "monitoring_service": "monitoring.googleapis.com/kubernetes",
            "name": "gke-tofu",
            "network": "projects/teak-surge-458612-u2/global/networks/default",
            "network_policy": [
              {
                "enabled": false,
                "provider": "PROVIDER_UNSPECIFIED"
              }
            ],
            "networking_mode": "VPC_NATIVE",
            "node_config": [],
            "node_locations": [],
            "node_pool": [],
            "node_pool_auto_config": [
              {
                "network_tags": []
              }
            ],
            "node_pool_defaults": [
              {
                "node_config_defaults": [
                  {
                    "logging_variant": "DEFAULT"
                  }
                ]
              }
            ],
            "node_version": "1.32.4-gke.1353003",
            "notification_config": [
              {
                "pubsub": [
                  {
                    "enabled": false,
                    "filter": [],
                    "topic": ""
                  }
                ]
              }
            ],
            "operation": null,
            "private_cluster_config": [
              {
                "enable_private_endpoint": false,
                "enable_private_nodes": false,
                "master_global_access_config": [
                  {
                    "enabled": false
                  }
                ],
                "master_ipv4_cidr_block": "",
                "peering_name": "",
                "private_endpoint": "10.128.0.8",
                "private_endpoint_subnetwork": "",
                "public_endpoint": "34.60.32.118"
              }
            ],
            "private_ipv6_google_access": "",
            "project": "teak-surge-458612-u2",
            "release_channel": [
              {
                "channel": "REGULAR"
              }
            ],
            "remove_default_node_pool": true,
            "resource_labels": {},
            "resource_usage_export_config": [],
            "security_posture_config": [
              {
                "mode": "BASIC",
                "vulnerability_mode": "VULNERABILITY_MODE_UNSPECIFIED"
              }
            ],
            "self_link": "https://container.googleapis.com/v1/projects/teak-surge-458612-u2/zones/us-central1-a/clusters/gke-tofu",
            "service_external_ips_config": [
              {
                "enabled": false
              }
            ],
            "services_ipv4_cidr": "34.118.224.0/20",
            "subnetwork": "projects/teak-surge-458612-u2/regions/us-central1/subnetworks/default",
            "timeouts": null,
            "tpu_ipv4_cidr_block": "",
            "vertical_pod_autoscaling": [],
            "workload_identity_config": []
          },
          "sensitive_attributes": [],
          "private": "eyJlMmJmYjczMC1lY2FhLTExZTYtOGY4OC0zNDM2M2JjN2M0YzAiOnsiY3JlYXRlIjoyNDAwMDAwMDAwMDAwLCJkZWxldGUiOjI0MDAwMDAwMDAwMDAsInJlYWQiOjI0MDAwMDAwMDAwMDAsInVwZGF0ZSI6MzYwMDAwMDAwMDAwMH0sInNjaGVtYV92ZXJzaW9uIjoiMiJ9"
        }
      ]
    },
    {
      "mode": "managed",
      "type": "google_container_node_pool",
      "name": "linux_pool",
      "provider": "provider[\"registry.opentofu.org/hashicorp/google\"]",
      "instances": [
        {
          "schema_version": 1,
          "attributes": {
            "autoscaling": [],
            "cluster": "gke-tofu",
            "id": "projects/teak-surge-458612-u2/locations/us-central1-a/clusters/gke-tofu/nodePools/linux-pool",
            "initial_node_count": 3,
            "instance_group_urls": [
              "https://www.googleapis.com/compute/v1/projects/teak-surge-458612-u2/zones/us-central1-a/instanceGroupManagers/gke-gke-tofu-linux-pool-eb55ea08-grp"
            ],
            "location": "us-central1-a",
            "managed_instance_group_urls": [
              "https://www.googleapis.com/compute/v1/projects/teak-surge-458612-u2/zones/us-central1-a/instanceGroups/gke-gke-tofu-linux-pool-eb55ea08-grp"
            ],
            "management": [
              {
                "auto_repair": true,
                "auto_upgrade": true
              }
            ],
            "max_pods_per_node": 110,
            "name": "linux-pool",
            "name_prefix": "",
            "network_config": [
              {
                "create_pod_range": false,
                "enable_private_nodes": false,
                "pod_cidr_overprovision_config": [],
                "pod_ipv4_cidr_block": "10.64.0.0/14",
                "pod_range": "gke-gke-tofu-pods-152c51db"
              }
            ],
            "node_config": [
              {
                "advanced_machine_features": [],
                "boot_disk_kms_key": "",
                "confidential_nodes": [],
                "disk_size_gb": 50,
                "disk_type": "pd-standard",
                "effective_taints": [],
                "ephemeral_storage_local_ssd_config": [],
                "fast_socket": [],
                "gcfs_config": [],
                "guest_accelerator": [],
                "gvnic": [],
                "host_maintenance_policy": [],
                "image_type": "COS_CONTAINERD",
                "kubelet_config": [
                  {
                    "cpu_cfs_quota": false,
                    "cpu_cfs_quota_period": "",
                    "cpu_manager_policy": "none",
                    "pod_pids_limit": 0
                  }
                ],
                "labels": {},
                "linux_node_config": [],
                "local_nvme_ssd_block_config": [],
                "local_ssd_count": 0,
                "logging_variant": "DEFAULT",
                "machine_type": "e2-medium",
                "metadata": {
                  "disable-legacy-endpoints": "true"
                },
                "min_cpu_platform": "",
                "node_group": "",
                "oauth_scopes": [
                  "https://www.googleapis.com/auth/devstorage.read_only",
                  "https://www.googleapis.com/auth/logging.write",
                  "https://www.googleapis.com/auth/monitoring",
                  "https://www.googleapis.com/auth/service.management.readonly",
                  "https://www.googleapis.com/auth/servicecontrol",
                  "https://www.googleapis.com/auth/trace.append"
                ],
                "preemptible": false,
                "reservation_affinity": [],
                "resource_labels": {
                  "goog-gke-node-pool-provisioning-model": "on-demand"
                },
                "service_account": "default",
                "shielded_instance_config": [
                  {
                    "enable_integrity_monitoring": true,
                    "enable_secure_boot": false
                  }
                ],
                "sole_tenant_config": [],
                "spot": false,
                "tags": null,
                "taint": [],
                "workload_metadata_config": []
              }
            ],
            "node_count": 3,
            "node_locations": [
              "us-central1-a"
            ],
            "operation": null,
            "placement_policy": [],
            "project": "teak-surge-458612-u2",
            "timeouts": null,
            "upgrade_settings": [
              {
                "blue_green_settings": [],
                "max_surge": 1,
                "max_unavailable": 0,
                "strategy": "SURGE"
              }
            ],
            "version": "1.32.4-gke.1353003"
          },
          "sensitive_attributes": [],
          "private": "eyJlMmJmYjczMC1lY2FhLTExZTYtOGY4OC0zNDM2M2JjN2M0YzAiOnsiY3JlYXRlIjoxODAwMDAwMDAwMDAwLCJkZWxldGUiOjE4MDAwMDAwMDAwMDAsInVwZGF0ZSI6MTgwMDAwMDAwMDAwMH0sInNjaGVtYV92ZXJzaW9uIjoiMSJ9",
          "dependencies": [
            "google_container_cluster.primary"
          ]
        }
      ]
    }
  ],
  "check_results": null
}
